PODS:
  - Cards (1.3.1):
    - Player
  - CollectionKit (2.1.0):
    - CollectionKit/Core (= 2.1.0)
  - CollectionKit/Core (2.1.0)
  - Hero (1.3.1)
  - Player (0.8.4)
  - SDWebImage (4.3.3):
    - SDWebImage/Core (= 4.3.3)
  - SDWebImage/Core (4.3.3)

DEPENDENCIES:
  - Cards
  - CollectionKit (from `https://github.com/SoySauceLab/CollectionKit.git`)
  - Hero (from `https://github.com/HeroTransitions/Hero.git`)
  - SDWebImage (~> 4.0)

EXTERNAL SOURCES:
  CollectionKit:
    :git: https://github.com/SoySauceLab/CollectionKit.git
  Hero:
    :git: https://github.com/HeroTransitions/Hero.git

CHECKOUT OPTIONS:
  CollectionKit:
    :commit: cc63503804fe0a8fa6c552642d7938f4786c2634
    :git: https://github.com/SoySauceLab/CollectionKit.git
  Hero:
    :commit: ebb8f6c60c03570f42b59e92050a470319a77b7e
    :git: https://github.com/HeroTransitions/Hero.git

SPEC CHECKSUMS:
  Cards: c5023eb5dfa9d81478535fa255a8060f4e0737e3
  CollectionKit: 7fe4046ac74a9562c0296cadbfa35723924011d2
  Hero: 1c3c625ba05856f305d29f5c270f8766c5ff2df7
  Player: e45514e9e5fb8ff18f50eb2ba6f84dac9b6a0024
  SDWebImage: de4d90b5bff3571eae7bd16202b1f43135409fa5

PODFILE CHECKSUM: f6e818958b170c93a43a9a2d1369cc0c59f8d808

COCOAPODS: 1.2.0
