PODS:
  - Cards (1.3.1):
    - Player
  - CollectionKit (2.1.0):
    - CollectionKit/Core (= 2.1.0)
  - CollectionKit/Core (2.1.0)
  - Hero (1.4.0)
  - Player (0.8.4)
  - SDWebImage (4.3.3):
    - SDWebImage/Core (= 4.3.3)
  - SDWebImage/Core (4.3.3)

DEPENDENCIES:
  - Cards
  - CollectionKit (from `https://github.com/SoySauceLab/CollectionKit.git`)
  - Hero (from `https://github.com/HeroTransitions/Hero.git`)
  - SDWebImage (~> 4.0)

EXTERNAL SOURCES:
  CollectionKit:
    :git: https://github.com/SoySauceLab/CollectionKit.git
  Hero:
    :git: https://github.com/HeroTransitions/Hero.git

CHECKOUT OPTIONS:
  CollectionKit:
    :commit: cc63503804fe0a8fa6c552642d7938f4786c2634
    :git: https://github.com/SoySauceLab/CollectionKit.git
  Hero:
    :commit: 07ef8832ad72a60e44ea0aa4cf46c8f46c3f3539
    :git: https://github.com/HeroTransitions/Hero.git

SPEC CHECKSUMS:
  Cards: c5023eb5dfa9d81478535fa255a8060f4e0737e3
  CollectionKit: 7fe4046ac74a9562c0296cadbfa35723924011d2
  Hero: bac92350d7201a1a940003e0767c7b52ce7c99a1
  Player: e45514e9e5fb8ff18f50eb2ba6f84dac9b6a0024
  SDWebImage: de4d90b5bff3571eae7bd16202b1f43135409fa5

PODFILE CHECKSUM: 2ce00bd72d60927bbcb91403036b97ccb10de4e3

COCOAPODS: 1.2.0
