// !$*UTF8*$!
{
	archiveVersion = 1;
	classes = {
	};
	objectVersion = 51;
	objects = {

/* Begin PBXBuildFile section */
		B3C76383B3FE5544852A99D9 /* Pods_NasaInArabic.framework in Frameworks */ = {isa = PBXBuildFile; fileRef = 6D9E2AEDA53B870DB03CE169 /* Pods_NasaInArabic.framework */; };
		CD2A85102149BB2F00F77C5F /*  Article.swift in Sources */ = {isa = PBXBuildFile; fileRef = CD2A850F2149BB2F00F77C5F /*  Article.swift */; };
		CD2A8512214C260E00F77C5F /* Tag.swift in Sources */ = {isa = PBXBuildFile; fileRef = CD2A8511214C260E00F77C5F /* Tag.swift */; };
		CD2A8514214C269700F77C5F /* Source.swift in Sources */ = {isa = PBXBuildFile; fileRef = CD2A8513214C269700F77C5F /* Source.swift */; };
		CD2A8516214C275E00F77C5F /* Contributors.swift in Sources */ = {isa = PBXBuildFile; fileRef = CD2A8515214C275E00F77C5F /* Contributors.swift */; };
		CD2A8518214C285C00F77C5F /* Contributor.swift in Sources */ = {isa = PBXBuildFile; fileRef = CD2A8517214C285C00F77C5F /* Contributor.swift */; };
		CD3BB646213EC5D500C84B64 /* ArticlesCollectionViewController.swift in Sources */ = {isa = PBXBuildFile; fileRef = CD3BB645213EC5D500C84B64 /* ArticlesCollectionViewController.swift */; };
		CD409DC721F7CCDD00726B29 /* CachingPlayerItem.swift in Sources */ = {isa = PBXBuildFile; fileRef = CD409DC621F7CCDD00726B29 /* CachingPlayerItem.swift */; };
		CD415C7821EFFF1B00CA0656 /* ProfileViewController.swift in Sources */ = {isa = PBXBuildFile; fileRef = CD415C7721EFFF1B00CA0656 /* ProfileViewController.swift */; };
		CD432E0B21F2AC8C00FBAEB3 /* ImageArticleViewController.swift in Sources */ = {isa = PBXBuildFile; fileRef = CD432E0A21F2AC8C00FBAEB3 /* ImageArticleViewController.swift */; };
		CD432E0D21F357C000FBAEB3 /* VideoViewController.swift in Sources */ = {isa = PBXBuildFile; fileRef = CD432E0C21F357C000FBAEB3 /* VideoViewController.swift */; };
		CD432E0F21F3CF9C00FBAEB3 /* CategoriesViewController.swift in Sources */ = {isa = PBXBuildFile; fileRef = CD432E0E21F3CF9C00FBAEB3 /* CategoriesViewController.swift */; };
		CD5AFE2F2155391200362B74 /* ArticleViewController.swift in Sources */ = {isa = PBXBuildFile; fileRef = CD5AFE2E2155391200362B74 /* ArticleViewController.swift */; };
		CD5AFE312155541D00362B74 /* ArticleTableViewController.swift in Sources */ = {isa = PBXBuildFile; fileRef = CD5AFE302155541D00362B74 /* ArticleTableViewController.swift */; };
		CD5BEA3321F49D190099C5D2 /* Global.swift in Sources */ = {isa = PBXBuildFile; fileRef = CD5BEA3221F49D190099C5D2 /* Global.swift */; };
		CD71A10121407E13000CDE4F /* MoreTableViewController.swift in Sources */ = {isa = PBXBuildFile; fileRef = CD71A10021407E13000CDE4F /* MoreTableViewController.swift */; };
		CD92B60D2143F0340088F1D3 /* CategoriesCollectionViewController.swift in Sources */ = {isa = PBXBuildFile; fileRef = CD92B60C2143F0340088F1D3 /* CategoriesCollectionViewController.swift */; };
		CD92B60F214439500088F1D3 /* AboutUsViewController.swift in Sources */ = {isa = PBXBuildFile; fileRef = CD92B60E214439500088F1D3 /* AboutUsViewController.swift */; };
		CDC47F0E213E438C001716FC /* AppDelegate.swift in Sources */ = {isa = PBXBuildFile; fileRef = CDC47F0D213E438C001716FC /* AppDelegate.swift */; };
		CDC47F15213E438C001716FC /* Main.storyboard in Resources */ = {isa = PBXBuildFile; fileRef = CDC47F13213E438C001716FC /* Main.storyboard */; };
		CDC47F17213E438D001716FC /* Assets.xcassets in Resources */ = {isa = PBXBuildFile; fileRef = CDC47F16213E438D001716FC /* Assets.xcassets */; };
		CDC47F1A213E438D001716FC /* LaunchScreen.storyboard in Resources */ = {isa = PBXBuildFile; fileRef = CDC47F18213E438D001716FC /* LaunchScreen.storyboard */; };
		CDD281ED2147DD0B00018C93 /* TabBarViewController.swift in Sources */ = {isa = PBXBuildFile; fileRef = CDD281EC2147DD0B00018C93 /* TabBarViewController.swift */; };
		CDD281EF2147F78100018C93 /* AlbumsCollectionViewController.swift in Sources */ = {isa = PBXBuildFile; fileRef = CDD281EE2147F78100018C93 /* AlbumsCollectionViewController.swift */; };
		CDD281F12148009000018C93 /* VideosCollectionViewController.swift in Sources */ = {isa = PBXBuildFile; fileRef = CDD281F02148009000018C93 /* VideosCollectionViewController.swift */; };
		CDD98AA721F8EA4200D6938C /* WebViewController.swift in Sources */ = {isa = PBXBuildFile; fileRef = CDD98AA621F8EA4200D6938C /* WebViewController.swift */; };
/* End PBXBuildFile section */

/* Begin PBXFileReference section */
		417653F4433E8A7D3A57BBC0 /* Pods-NasaInArabic.debug.xcconfig */ = {isa = PBXFileReference; includeInIndex = 1; lastKnownFileType = text.xcconfig; name = "Pods-NasaInArabic.debug.xcconfig"; path = "Pods/Target Support Files/Pods-NasaInArabic/Pods-NasaInArabic.debug.xcconfig"; sourceTree = "<group>"; };
		6D9E2AEDA53B870DB03CE169 /* Pods_NasaInArabic.framework */ = {isa = PBXFileReference; explicitFileType = wrapper.framework; includeInIndex = 0; path = Pods_NasaInArabic.framework; sourceTree = BUILT_PRODUCTS_DIR; };
		A1D2F02F79F5E0F01B0160E9 /* Pods-NasaInArabic.release.xcconfig */ = {isa = PBXFileReference; includeInIndex = 1; lastKnownFileType = text.xcconfig; name = "Pods-NasaInArabic.release.xcconfig"; path = "Pods/Target Support Files/Pods-NasaInArabic/Pods-NasaInArabic.release.xcconfig"; sourceTree = "<group>"; };
		CD2A850F2149BB2F00F77C5F /*  Article.swift */ = {isa = PBXFileReference; lastKnownFileType = sourcecode.swift; path = " Article.swift"; sourceTree = "<group>"; };
		CD2A8511214C260E00F77C5F /* Tag.swift */ = {isa = PBXFileReference; lastKnownFileType = sourcecode.swift; path = Tag.swift; sourceTree = "<group>"; };
		CD2A8513214C269700F77C5F /* Source.swift */ = {isa = PBXFileReference; lastKnownFileType = sourcecode.swift; path = Source.swift; sourceTree = "<group>"; };
		CD2A8515214C275E00F77C5F /* Contributors.swift */ = {isa = PBXFileReference; lastKnownFileType = sourcecode.swift; path = Contributors.swift; sourceTree = "<group>"; };
		CD2A8517214C285C00F77C5F /* Contributor.swift */ = {isa = PBXFileReference; lastKnownFileType = sourcecode.swift; path = Contributor.swift; sourceTree = "<group>"; };
		CD3BB645213EC5D500C84B64 /* ArticlesCollectionViewController.swift */ = {isa = PBXFileReference; lastKnownFileType = sourcecode.swift; path = ArticlesCollectionViewController.swift; sourceTree = "<group>"; };
		CD409DC621F7CCDD00726B29 /* CachingPlayerItem.swift */ = {isa = PBXFileReference; lastKnownFileType = sourcecode.swift; path = CachingPlayerItem.swift; sourceTree = "<group>"; };
		CD415C7721EFFF1B00CA0656 /* ProfileViewController.swift */ = {isa = PBXFileReference; lastKnownFileType = sourcecode.swift; path = ProfileViewController.swift; sourceTree = "<group>"; };
		CD432E0A21F2AC8C00FBAEB3 /* ImageArticleViewController.swift */ = {isa = PBXFileReference; lastKnownFileType = sourcecode.swift; path = ImageArticleViewController.swift; sourceTree = "<group>"; };
		CD432E0C21F357C000FBAEB3 /* VideoViewController.swift */ = {isa = PBXFileReference; lastKnownFileType = sourcecode.swift; path = VideoViewController.swift; sourceTree = "<group>"; };
		CD432E0E21F3CF9C00FBAEB3 /* CategoriesViewController.swift */ = {isa = PBXFileReference; lastKnownFileType = sourcecode.swift; path = CategoriesViewController.swift; sourceTree = "<group>"; };
		CD5AFE2E2155391200362B74 /* ArticleViewController.swift */ = {isa = PBXFileReference; lastKnownFileType = sourcecode.swift; path = ArticleViewController.swift; sourceTree = "<group>"; };
		CD5AFE302155541D00362B74 /* ArticleTableViewController.swift */ = {isa = PBXFileReference; lastKnownFileType = sourcecode.swift; path = ArticleTableViewController.swift; sourceTree = "<group>"; };
		CD5BEA3221F49D190099C5D2 /* Global.swift */ = {isa = PBXFileReference; lastKnownFileType = sourcecode.swift; path = Global.swift; sourceTree = "<group>"; };
		CD71A10021407E13000CDE4F /* MoreTableViewController.swift */ = {isa = PBXFileReference; lastKnownFileType = sourcecode.swift; path = MoreTableViewController.swift; sourceTree = "<group>"; };
		CD92B60C2143F0340088F1D3 /* CategoriesCollectionViewController.swift */ = {isa = PBXFileReference; lastKnownFileType = sourcecode.swift; path = CategoriesCollectionViewController.swift; sourceTree = "<group>"; };
		CD92B60E214439500088F1D3 /* AboutUsViewController.swift */ = {isa = PBXFileReference; lastKnownFileType = sourcecode.swift; path = AboutUsViewController.swift; sourceTree = "<group>"; };
		CD92B610214452EA0088F1D3 /* ar */ = {isa = PBXFileReference; lastKnownFileType = text.plist.strings; name = ar; path = ar.lproj/Main.strings; sourceTree = "<group>"; };
		CD92B611214452EA0088F1D3 /* ar */ = {isa = PBXFileReference; lastKnownFileType = text.plist.strings; name = ar; path = ar.lproj/LaunchScreen.strings; sourceTree = "<group>"; };
		CDC47F0A213E438C001716FC /* NasaInArabic.app */ = {isa = PBXFileReference; explicitFileType = wrapper.application; includeInIndex = 0; path = NasaInArabic.app; sourceTree = BUILT_PRODUCTS_DIR; };
		CDC47F0D213E438C001716FC /* AppDelegate.swift */ = {isa = PBXFileReference; lastKnownFileType = sourcecode.swift; path = AppDelegate.swift; sourceTree = "<group>"; };
		CDC47F14213E438C001716FC /* Base */ = {isa = PBXFileReference; lastKnownFileType = file.storyboard; name = Base; path = Base.lproj/Main.storyboard; sourceTree = "<group>"; };
		CDC47F16213E438D001716FC /* Assets.xcassets */ = {isa = PBXFileReference; lastKnownFileType = folder.assetcatalog; path = Assets.xcassets; sourceTree = "<group>"; };
		CDC47F19213E438D001716FC /* Base */ = {isa = PBXFileReference; lastKnownFileType = file.storyboard; name = Base; path = Base.lproj/LaunchScreen.storyboard; sourceTree = "<group>"; };
		CDC47F1B213E438D001716FC /* Info.plist */ = {isa = PBXFileReference; lastKnownFileType = text.plist.xml; path = Info.plist; sourceTree = "<group>"; };
		CDD281EC2147DD0B00018C93 /* TabBarViewController.swift */ = {isa = PBXFileReference; lastKnownFileType = sourcecode.swift; path = TabBarViewController.swift; sourceTree = "<group>"; };
		CDD281EE2147F78100018C93 /* AlbumsCollectionViewController.swift */ = {isa = PBXFileReference; lastKnownFileType = sourcecode.swift; path = AlbumsCollectionViewController.swift; sourceTree = "<group>"; };
		CDD281F02148009000018C93 /* VideosCollectionViewController.swift */ = {isa = PBXFileReference; lastKnownFileType = sourcecode.swift; path = VideosCollectionViewController.swift; sourceTree = "<group>"; };
		CDD98AA621F8EA4200D6938C /* WebViewController.swift */ = {isa = PBXFileReference; lastKnownFileType = sourcecode.swift; path = WebViewController.swift; sourceTree = "<group>"; };
/* End PBXFileReference section */

/* Begin PBXFrameworksBuildPhase section */
		CDC47F07213E438C001716FC /* Frameworks */ = {
			isa = PBXFrameworksBuildPhase;
			buildActionMask = 2147483647;
			files = (
				B3C76383B3FE5544852A99D9 /* Pods_NasaInArabic.framework in Frameworks */,
			);
			runOnlyForDeploymentPostprocessing = 0;
		};
/* End PBXFrameworksBuildPhase section */

/* Begin PBXGroup section */
		2CAA2E6DC6F1E6720F4E00B6 /* Pods */ = {
			isa = PBXGroup;
			children = (
				417653F4433E8A7D3A57BBC0 /* Pods-NasaInArabic.debug.xcconfig */,
				A1D2F02F79F5E0F01B0160E9 /* Pods-NasaInArabic.release.xcconfig */,
			);
			name = Pods;
			sourceTree = "<group>";
		};
		CDC47F01213E438C001716FC = {
			isa = PBXGroup;
			children = (
				CD409DC621F7CCDD00726B29 /* CachingPlayerItem.swift */,
				CDC47F0C213E438C001716FC /* NasaInArabic */,
				CDC47F0B213E438C001716FC /* Products */,
				2CAA2E6DC6F1E6720F4E00B6 /* Pods */,
				FBB05C301FF83B6111B07D0B /* Frameworks */,
			);
			sourceTree = "<group>";
		};
		CDC47F0B213E438C001716FC /* Products */ = {
			isa = PBXGroup;
			children = (
				CDC47F0A213E438C001716FC /* NasaInArabic.app */,
			);
			name = Products;
			sourceTree = "<group>";
		};
		CDC47F0C213E438C001716FC /* NasaInArabic */ = {
			isa = PBXGroup;
			children = (
				CD3BB645213EC5D500C84B64 /* ArticlesCollectionViewController.swift */,
				CDC47F0D213E438C001716FC /* AppDelegate.swift */,
				CDC47F13213E438C001716FC /* Main.storyboard */,
				CDC47F16213E438D001716FC /* Assets.xcassets */,
				CDC47F18213E438D001716FC /* LaunchScreen.storyboard */,
				CDC47F1B213E438D001716FC /* Info.plist */,
				CD71A10021407E13000CDE4F /* MoreTableViewController.swift */,
				CD92B60C2143F0340088F1D3 /* CategoriesCollectionViewController.swift */,
				CD92B60E214439500088F1D3 /* AboutUsViewController.swift */,
				CDD281EC2147DD0B00018C93 /* TabBarViewController.swift */,
				CDD281EE2147F78100018C93 /* AlbumsCollectionViewController.swift */,
				CDD281F02148009000018C93 /* VideosCollectionViewController.swift */,
				CD2A850F2149BB2F00F77C5F /*  Article.swift */,
				CD2A8511214C260E00F77C5F /* Tag.swift */,
				CD2A8513214C269700F77C5F /* Source.swift */,
				CD2A8515214C275E00F77C5F /* Contributors.swift */,
				CD2A8517214C285C00F77C5F /* Contributor.swift */,
				CD5AFE2E2155391200362B74 /* ArticleViewController.swift */,
				CD5AFE302155541D00362B74 /* ArticleTableViewController.swift */,
				CD415C7721EFFF1B00CA0656 /* ProfileViewController.swift */,
				CD432E0A21F2AC8C00FBAEB3 /* ImageArticleViewController.swift */,
				CD432E0C21F357C000FBAEB3 /* VideoViewController.swift */,
				CD432E0E21F3CF9C00FBAEB3 /* CategoriesViewController.swift */,
				CD5BEA3221F49D190099C5D2 /* Global.swift */,
				CDD98AA621F8EA4200D6938C /* WebViewController.swift */,
			);
			path = NasaInArabic;
			sourceTree = "<group>";
		};
		FBB05C301FF83B6111B07D0B /* Frameworks */ = {
			isa = PBXGroup;
			children = (
				6D9E2AEDA53B870DB03CE169 /* Pods_NasaInArabic.framework */,
			);
			name = Frameworks;
			sourceTree = "<group>";
		};
/* End PBXGroup section */

/* Begin PBXNativeTarget section */
		CDC47F09213E438C001716FC /* NasaInArabic */ = {
			isa = PBXNativeTarget;
			buildConfigurationList = CDC47F1E213E438D001716FC /* Build configuration list for PBXNativeTarget "NasaInArabic" */;
			buildPhases = (
				1E3B54F2EB7A5302326C8F52 /* [CP] Check Pods Manifest.lock */,
				CDC47F06213E438C001716FC /* Sources */,
				CDC47F07213E438C001716FC /* Frameworks */,
				CDC47F08213E438C001716FC /* Resources */,
				250EA748CEA4B7860D21AB45 /* [CP] Embed Pods Frameworks */,
			);
			buildRules = (
			);
			dependencies = (
			);
			name = NasaInArabic;
			productName = NasaInArabic;
			productReference = CDC47F0A213E438C001716FC /* NasaInArabic.app */;
			productType = "com.apple.product-type.application";
		};
/* End PBXNativeTarget section */

/* Begin PBXProject section */
		CDC47F02213E438C001716FC /* Project object */ = {
			isa = PBXProject;
			attributes = {
				LastSwiftUpdateCheck = 1000;
				LastUpgradeCheck = 1000;
				ORGANIZATIONNAME = RadiBarq;
				TargetAttributes = {
					CDC47F09213E438C001716FC = {
						CreatedOnToolsVersion = 10.0;
						SystemCapabilities = {
							com.apple.BackgroundModes = {
								enabled = 0;
							};
						};
					};
				};
			};
			buildConfigurationList = CDC47F05213E438C001716FC /* Build configuration list for PBXProject "NasaInArabic" */;
			compatibilityVersion = "Xcode 9.3";
			developmentRegion = en;
			hasScannedForEncodings = 0;
			knownRegions = (
				en,
				Base,
				ar,
			);
			mainGroup = CDC47F01213E438C001716FC;
			productRefGroup = CDC47F0B213E438C001716FC /* Products */;
			projectDirPath = "";
			projectRoot = "";
			targets = (
				CDC47F09213E438C001716FC /* NasaInArabic */,
			);
		};
/* End PBXProject section */

/* Begin PBXResourcesBuildPhase section */
		CDC47F08213E438C001716FC /* Resources */ = {
			isa = PBXResourcesBuildPhase;
			buildActionMask = 2147483647;
			files = (
				CDC47F1A213E438D001716FC /* LaunchScreen.storyboard in Resources */,
				CDC47F17213E438D001716FC /* Assets.xcassets in Resources */,
				CDC47F15213E438C001716FC /* Main.storyboard in Resources */,
			);
			runOnlyForDeploymentPostprocessing = 0;
		};
/* End PBXResourcesBuildPhase section */

/* Begin PBXShellScriptBuildPhase section */
		1E3B54F2EB7A5302326C8F52 /* [CP] Check Pods Manifest.lock */ = {
			isa = PBXShellScriptBuildPhase;
			buildActionMask = 2147483647;
			files = (
			);
			inputFileListPaths = (
			);
			inputPaths = (
				"${PODS_PODFILE_DIR_PATH}/Podfile.lock",
				"${PODS_ROOT}/Manifest.lock",
			);
			name = "[CP] Check Pods Manifest.lock";
			outputFileListPaths = (
			);
			outputPaths = (
				"$(DERIVED_FILE_DIR)/Pods-NasaInArabic-checkManifestLockResult.txt",
			);
			runOnlyForDeploymentPostprocessing = 0;
			shellPath = /bin/sh;
			shellScript = "diff \"${PODS_PODFILE_DIR_PATH}/Podfile.lock\" \"${PODS_ROOT}/Manifest.lock\" > /dev/null\nif [ $? != 0 ] ; then\n    # print error to STDERR\n    echo \"error: The sandbox is not in sync with the Podfile.lock. Run 'pod install' or update your CocoaPods installation.\" >&2\n    exit 1\nfi\n# This output is used by Xcode 'outputs' to avoid re-running this script phase.\necho \"SUCCESS\" > \"${SCRIPT_OUTPUT_FILE_0}\"\n";
			showEnvVarsInLog = 0;
		};
		250EA748CEA4B7860D21AB45 /* [CP] Embed Pods Frameworks */ = {
			isa = PBXShellScriptBuildPhase;
			buildActionMask = 2147483647;
			files = (
			);
			inputFileListPaths = (
				"${PODS_ROOT}/Target Support Files/Pods-NasaInArabic/Pods-NasaInArabic-frameworks-${CONFIGURATION}-input-files.xcfilelist",
			);
			name = "[CP] Embed Pods Frameworks";
			outputFileListPaths = (
				"${PODS_ROOT}/Target Support Files/Pods-NasaInArabic/Pods-NasaInArabic-frameworks-${CONFIGURATION}-output-files.xcfilelist",
			);
			runOnlyForDeploymentPostprocessing = 0;
			shellPath = /bin/sh;
			shellScript = "\"${PODS_ROOT}/Target Support Files/Pods-NasaInArabic/Pods-NasaInArabic-frameworks.sh\"\n";
			showEnvVarsInLog = 0;
		};
/* End PBXShellScriptBuildPhase section */

/* Begin PBXSourcesBuildPhase section */
		CDC47F06213E438C001716FC /* Sources */ = {
			isa = PBXSourcesBuildPhase;
			buildActionMask = 2147483647;
			files = (
				CD92B60F214439500088F1D3 /* AboutUsViewController.swift in Sources */,
				CD2A85102149BB2F00F77C5F /*  Article.swift in Sources */,
				CD2A8512214C260E00F77C5F /* Tag.swift in Sources */,
				CD92B60D2143F0340088F1D3 /* CategoriesCollectionViewController.swift in Sources */,
				CD2A8518214C285C00F77C5F /* Contributor.swift in Sources */,
				CD432E0D21F357C000FBAEB3 /* VideoViewController.swift in Sources */,
				CD2A8514214C269700F77C5F /* Source.swift in Sources */,
				CD415C7821EFFF1B00CA0656 /* ProfileViewController.swift in Sources */,
				CDC47F0E213E438C001716FC /* AppDelegate.swift in Sources */,
				CD71A10121407E13000CDE4F /* MoreTableViewController.swift in Sources */,
				CD409DC721F7CCDD00726B29 /* CachingPlayerItem.swift in Sources */,
				CD2A8516214C275E00F77C5F /* Contributors.swift in Sources */,
				CD5AFE2F2155391200362B74 /* ArticleViewController.swift in Sources */,
				CDD98AA721F8EA4200D6938C /* WebViewController.swift in Sources */,
				CD5AFE312155541D00362B74 /* ArticleTableViewController.swift in Sources */,
				CD432E0F21F3CF9C00FBAEB3 /* CategoriesViewController.swift in Sources */,
				CDD281F12148009000018C93 /* VideosCollectionViewController.swift in Sources */,
				CD432E0B21F2AC8C00FBAEB3 /* ImageArticleViewController.swift in Sources */,
				CDD281ED2147DD0B00018C93 /* TabBarViewController.swift in Sources */,
				CD3BB646213EC5D500C84B64 /* ArticlesCollectionViewController.swift in Sources */,
				CDD281EF2147F78100018C93 /* AlbumsCollectionViewController.swift in Sources */,
				CD5BEA3321F49D190099C5D2 /* Global.swift in Sources */,
			);
			runOnlyForDeploymentPostprocessing = 0;
		};
/* End PBXSourcesBuildPhase section */

/* Begin PBXVariantGroup section */
		CDC47F13213E438C001716FC /* Main.storyboard */ = {
			isa = PBXVariantGroup;
			children = (
				CDC47F14213E438C001716FC /* Base */,
				CD92B610214452EA0088F1D3 /* ar */,
			);
			name = Main.storyboard;
			sourceTree = "<group>";
		};
		CDC47F18213E438D001716FC /* LaunchScreen.storyboard */ = {
			isa = PBXVariantGroup;
			children = (
				CDC47F19213E438D001716FC /* Base */,
				CD92B611214452EA0088F1D3 /* ar */,
			);
			name = LaunchScreen.storyboard;
			sourceTree = "<group>";
		};
/* End PBXVariantGroup section */

/* Begin XCBuildConfiguration section */
		CDC47F1C213E438D001716FC /* Debug */ = {
			isa = XCBuildConfiguration;
			buildSettings = {
				ALWAYS_SEARCH_USER_PATHS = NO;
				CLANG_ANALYZER_LOCALIZABILITY_NONLOCALIZED = YES;
				CLANG_ANALYZER_NONNULL = YES;
				CLANG_ANALYZER_NUMBER_OBJECT_CONVERSION = YES_AGGRESSIVE;
				CLANG_CXX_LANGUAGE_STANDARD = "gnu++14";
				CLANG_CXX_LIBRARY = "libc++";
				CLANG_ENABLE_MODULES = YES;
				CLANG_ENABLE_OBJC_ARC = YES;
				CLANG_ENABLE_OBJC_WEAK = YES;
				CLANG_WARN_BLOCK_CAPTURE_AUTORELEASING = YES;
				CLANG_WARN_BOOL_CONVERSION = YES;
				CLANG_WARN_COMMA = YES;
				CLANG_WARN_CONSTANT_CONVERSION = YES;
				CLANG_WARN_DEPRECATED_OBJC_IMPLEMENTATIONS = YES;
				CLANG_WARN_DIRECT_OBJC_ISA_USAGE = YES_ERROR;
				CLANG_WARN_DOCUMENTATION_COMMENTS = YES;
				CLANG_WARN_EMPTY_BODY = YES;
				CLANG_WARN_ENUM_CONVERSION = YES;
				CLANG_WARN_INFINITE_RECURSION = YES;
				CLANG_WARN_INT_CONVERSION = YES;
				CLANG_WARN_NON_LITERAL_NULL_CONVERSION = YES;
				CLANG_WARN_OBJC_IMPLICIT_RETAIN_SELF = YES;
				CLANG_WARN_OBJC_LITERAL_CONVERSION = YES;
				CLANG_WARN_OBJC_ROOT_CLASS = YES_ERROR;
				CLANG_WARN_RANGE_LOOP_ANALYSIS = YES;
				CLANG_WARN_STRICT_PROTOTYPES = YES;
				CLANG_WARN_SUSPICIOUS_MOVE = YES;
				CLANG_WARN_UNGUARDED_AVAILABILITY = YES_AGGRESSIVE;
				CLANG_WARN_UNREACHABLE_CODE = YES;
				CLANG_WARN__DUPLICATE_METHOD_MATCH = YES;
				CODE_SIGN_IDENTITY = "iPhone Developer";
				COPY_PHASE_STRIP = NO;
				DEBUG_INFORMATION_FORMAT = dwarf;
				ENABLE_STRICT_OBJC_MSGSEND = YES;
				ENABLE_TESTABILITY = YES;
				GCC_C_LANGUAGE_STANDARD = gnu11;
				GCC_DYNAMIC_NO_PIC = NO;
				GCC_NO_COMMON_BLOCKS = YES;
				GCC_OPTIMIZATION_LEVEL = 0;
				GCC_PREPROCESSOR_DEFINITIONS = (
					"DEBUG=1",
					"$(inherited)",
				);
				GCC_WARN_64_TO_32_BIT_CONVERSION = YES;
				GCC_WARN_ABOUT_RETURN_TYPE = YES_ERROR;
				GCC_WARN_UNDECLARED_SELECTOR = YES;
				GCC_WARN_UNINITIALIZED_AUTOS = YES_AGGRESSIVE;
				GCC_WARN_UNUSED_FUNCTION = YES;
				GCC_WARN_UNUSED_VARIABLE = YES;
				IPHONEOS_DEPLOYMENT_TARGET = 11.0;
				MTL_ENABLE_DEBUG_INFO = INCLUDE_SOURCE;
				MTL_FAST_MATH = YES;
				ONLY_ACTIVE_ARCH = YES;
				SDKROOT = iphoneos;
				SWIFT_ACTIVE_COMPILATION_CONDITIONS = DEBUG;
				SWIFT_OPTIMIZATION_LEVEL = "-Onone";
			};
			name = Debug;
		};
		CDC47F1D213E438D001716FC /* Release */ = {
			isa = XCBuildConfiguration;
			buildSettings = {
				ALWAYS_SEARCH_USER_PATHS = NO;
				CLANG_ANALYZER_LOCALIZABILITY_NONLOCALIZED = YES;
				CLANG_ANALYZER_NONNULL = YES;
				CLANG_ANALYZER_NUMBER_OBJECT_CONVERSION = YES_AGGRESSIVE;
				CLANG_CXX_LANGUAGE_STANDARD = "gnu++14";
				CLANG_CXX_LIBRARY = "libc++";
				CLANG_ENABLE_MODULES = YES;
				CLANG_ENABLE_OBJC_ARC = YES;
				CLANG_ENABLE_OBJC_WEAK = YES;
				CLANG_WARN_BLOCK_CAPTURE_AUTORELEASING = YES;
				CLANG_WARN_BOOL_CONVERSION = YES;
				CLANG_WARN_COMMA = YES;
				CLANG_WARN_CONSTANT_CONVERSION = YES;
				CLANG_WARN_DEPRECATED_OBJC_IMPLEMENTATIONS = YES;
				CLANG_WARN_DIRECT_OBJC_ISA_USAGE = YES_ERROR;
				CLANG_WARN_DOCUMENTATION_COMMENTS = YES;
				CLANG_WARN_EMPTY_BODY = YES;
				CLANG_WARN_ENUM_CONVERSION = YES;
				CLANG_WARN_INFINITE_RECURSION = YES;
				CLANG_WARN_INT_CONVERSION = YES;
				CLANG_WARN_NON_LITERAL_NULL_CONVERSION = YES;
				CLANG_WARN_OBJC_IMPLICIT_RETAIN_SELF = YES;
				CLANG_WARN_OBJC_LITERAL_CONVERSION = YES;
				CLANG_WARN_OBJC_ROOT_CLASS = YES_ERROR;
				CLANG_WARN_RANGE_LOOP_ANALYSIS = YES;
				CLANG_WARN_STRICT_PROTOTYPES = YES;
				CLANG_WARN_SUSPICIOUS_MOVE = YES;
				CLANG_WARN_UNGUARDED_AVAILABILITY = YES_AGGRESSIVE;
				CLANG_WARN_UNREACHABLE_CODE = YES;
				CLANG_WARN__DUPLICATE_METHOD_MATCH = YES;
				CODE_SIGN_IDENTITY = "iPhone Developer";
				COPY_PHASE_STRIP = NO;
				DEBUG_INFORMATION_FORMAT = "dwarf-with-dsym";
				ENABLE_NS_ASSERTIONS = NO;
				ENABLE_STRICT_OBJC_MSGSEND = YES;
				GCC_C_LANGUAGE_STANDARD = gnu11;
				GCC_NO_COMMON_BLOCKS = YES;
				GCC_WARN_64_TO_32_BIT_CONVERSION = YES;
				GCC_WARN_ABOUT_RETURN_TYPE = YES_ERROR;
				GCC_WARN_UNDECLARED_SELECTOR = YES;
				GCC_WARN_UNINITIALIZED_AUTOS = YES_AGGRESSIVE;
				GCC_WARN_UNUSED_FUNCTION = YES;
				GCC_WARN_UNUSED_VARIABLE = YES;
				IPHONEOS_DEPLOYMENT_TARGET = 11.0;
				MTL_ENABLE_DEBUG_INFO = NO;
				MTL_FAST_MATH = YES;
				SDKROOT = iphoneos;
				SWIFT_COMPILATION_MODE = wholemodule;
				SWIFT_OPTIMIZATION_LEVEL = "-O";
				VALIDATE_PRODUCT = YES;
			};
			name = Release;
		};
		CDC47F1F213E438D001716FC /* Debug */ = {
			isa = XCBuildConfiguration;
			baseConfigurationReference = 417653F4433E8A7D3A57BBC0 /* Pods-NasaInArabic.debug.xcconfig */;
			buildSettings = {
				ASSETCATALOG_COMPILER_APPICON_NAME = AppIcon;
				CODE_SIGN_IDENTITY = "iPhone Developer";
				CODE_SIGN_STYLE = Automatic;
				DEVELOPMENT_TEAM = 5S7V735958;
				INFOPLIST_FILE = NasaInArabic/Info.plist;
				LD_RUNPATH_SEARCH_PATHS = (
					"$(inherited)",
					"@executable_path/Frameworks",
				);
				PRODUCT_BUNDLE_IDENTIFIER = RadiBaraq.NasaInArabic.com;
				PRODUCT_NAME = "$(TARGET_NAME)";
				PROVISIONING_PROFILE_SPECIFIER = "";
				SWIFT_VERSION = 4.2;
				TARGETED_DEVICE_FAMILY = 1;
			};
			name = Debug;
		};
		CDC47F20213E438D001716FC /* Release */ = {
			isa = XCBuildConfiguration;
			baseConfigurationReference = A1D2F02F79F5E0F01B0160E9 /* Pods-NasaInArabic.release.xcconfig */;
			buildSettings = {
				ASSETCATALOG_COMPILER_APPICON_NAME = AppIcon;
				CODE_SIGN_IDENTITY = "iPhone Developer";
				CODE_SIGN_STYLE = Automatic;
				DEVELOPMENT_TEAM = 5S7V735958;
				INFOPLIST_FILE = NasaInArabic/Info.plist;
				LD_RUNPATH_SEARCH_PATHS = (
					"$(inherited)",
					"@executable_path/Frameworks",
				);
				PRODUCT_BUNDLE_IDENTIFIER = RadiBaraq.NasaInArabic.com;
				PRODUCT_NAME = "$(TARGET_NAME)";
				PROVISIONING_PROFILE_SPECIFIER = "";
				SWIFT_VERSION = 4.2;
				TARGETED_DEVICE_FAMILY = 1;
			};
			name = Release;
		};
/* End XCBuildConfiguration section */

/* Begin XCConfigurationList section */
		CDC47F05213E438C001716FC /* Build configuration list for PBXProject "NasaInArabic" */ = {
			isa = XCConfigurationList;
			buildConfigurations = (
				CDC47F1C213E438D001716FC /* Debug */,
				CDC47F1D213E438D001716FC /* Release */,
			);
			defaultConfigurationIsVisible = 0;
			defaultConfigurationName = Release;
		};
		CDC47F1E213E438D001716FC /* Build configuration list for PBXNativeTarget "NasaInArabic" */ = {
			isa = XCConfigurationList;
			buildConfigurations = (
				CDC47F1F213E438D001716FC /* Debug */,
				CDC47F20213E438D001716FC /* Release */,
			);
			defaultConfigurationIsVisible = 0;
			defaultConfigurationName = Release;
		};
/* End XCConfigurationList section */
	};
	rootObject = CDC47F02213E438C001716FC /* Project object */;
}
